{
  "name": "AMI-backup-and-deletion",
  "version": "1.0.0",
  "lockfileVersion": 3,
  "requires": true,
  "packages": {
    "": {
      "version": "1.0.0",
      "license": "ISC",
      "dependencies": {
        "async": "^2.6.0",
        "moment-timezone": "^0.5.16",
        "underscore": "^1.13.1"
      }
    },
    "node_modules/async": {
      "version": "2.6.3",
      "resolved": "https://registry.npmjs.org/async/-/async-2.6.3.tgz",
      "integrity": "sha512-zflvls11DCy+dQWzTW2dzuilv8Z5X/pjfmZOWba6TNIVDm+2UDaJmXSOXlasHKfNBs8oo3M0aT50fDEWfKZjXg==",
      "dependencies": {
        "lodash": "^4.17.14"
      }
    },
    "node_modules/lodash": {
      "version": "4.17.23",
      "resolved": "https://registry.npmjs.org/lodash/-/lodash-4.17.23.tgz",
      "integrity": "sha512-LgVTMpQtIopCi79SJeDiP0TfWi5CNEc/L/aRdTh3yIvmZXTnheWpKjSZhnvMl8iXbC1tFg9gdHHDMLoV7CnG+w==",
      "license": "MIT"
    },
    "node_modules/moment": {
      "version": "2.29.1",
      "resolved": "https://registry.npmjs.org/moment/-/moment-2.29.1.tgz",
      "integrity": "sha512-kHmoybcPV8Sqy59DwNDY3Jefr64lK/by/da0ViFcuA4DH0vQg5Q6Ze5VimxkfQNSC+Mls/Kx53s7TjP1RhFEDQ==",
      "engines": {
        "node": "*"
      }
    },
    "node_modules/moment-timezone": {
      "version": "0.5.31",
      "resolved": "https://registry.npmjs.org/moment-timezone/-/moment-timezone-0.5.31.tgz",
      "integrity": "sha512-+GgHNg8xRhMXfEbv81iDtrVeTcWt0kWmTEY1XQK14dICTXnWJnT0dxdlPspwqF3keKMVPXwayEsk1DI0AA/jdA==",
      "dependencies": {
        "moment": ">= 2.9.0"
      },
      "engines": {
        "node": "*"
      }
    },
    "node_modules/underscore": {
      "version": "1.13.1",
      "resolved": "https://registry.npmjs.org/underscore/-/underscore-1.13.1.tgz",
      "integrity": "sha512-hzSoAVtJF+3ZtiFX0VgfFPHEDRm7Y/QPjGyNo4TVdnDTdft3tr8hEkD25a1jC+TjTuE7tkHGKkhwCgs9dgBB2g=="
    }
  }
}
