{
  "name": "AMI-backup-and-deletion",
  "version": "1.0.0",
  "lockfileVersion": 3,
  "requires": true,
  "packages": {
    "": {
      "version": "1.0.0",
      "license": "ISC",
      "dependencies": {
        "async": "^2.6.4",
        "moment-timezone": "^0.5.35",
        "underscore": "^1.13.8"
      }
    },
    "node_modules/async": {
      "version": "2.6.4",
      "resolved": "https://registry.npmjs.org/async/-/async-2.6.4.tgz",
      "integrity": "sha512-mzo5dfJYwAn29PeiJ0zvwTo04zj8HDJj0Mn8TD7sno7q12prdbnasKJHhkm2c1LgrhlJ0teaea8860oxi51mGA==",
      "dependencies": {
        "lodash": "^4.17.14"
      }
    },
    "node_modules/lodash": {
      "version": "4.17.21",
      "resolved": "https://registry.npmjs.org/lodash/-/lodash-4.17.21.tgz",
      "integrity": "sha512-v2kDEe57lecTulaDIuNTPy3Ry4gLGJ6Z1O3vE1krgXZNrsQ+LFTGHVxVjcXPs17LhbZVGedAJv8XZ1tvj5FvSg=="
    },
    "node_modules/moment": {
      "version": "2.29.4",
      "resolved": "https://registry.npmjs.org/moment/-/moment-2.29.4.tgz",
      "integrity": "sha512-5LC9SOxjSc2HF6vO2CyuTDNivEdoz2IvyJJGj6X8DJ0eFyfszE0QiEd+iXmBvUP3WHxSjFH/vIsA0EN00cgr8w==",
      "engines": {
        "node": "*"
      }
    },
    "node_modules/moment-timezone": {
      "version": "0.5.35",
      "resolved": "https://registry.npmjs.org/moment-timezone/-/moment-timezone-0.5.35.tgz",
      "integrity": "sha512-cY/pBOEXepQvlgli06ttCTKcIf8cD1nmNwOKQQAdHBqYApQSpAqotBMX0RJZNgMp6i0PlZuf1mFtnlyEkwyvFw==",
      "dependencies": {
        "moment": ">= 2.9.0"
      },
      "engines": {
        "node": "*"
      }
    },
    "node_modules/underscore": {
      "version": "1.13.8",
      "resolved": "https://registry.npmjs.org/underscore/-/underscore-1.13.8.tgz",
      "integrity": "sha512-DXtD3ZtEQzc7M8m4cXotyHR+FAS18C64asBYY5vqZexfYryNNnDc02W4hKg3rdQuqOYas1jkseX0+nZXjTXnvQ==",
      "license": "MIT"
    }
  }
}
